
Microsoft Visual Studio Solution File, Format Version 12.00
# Visual Studio 14
VisualStudioVersion = 14.0.23107.0
MinimumVisualStudioVersion = 10.0.40219.1
Project("{FAE04EC0-301F-11D3-BF4B-00C04F79EFBC}") = "Tehtava1", "Tehtava1\Tehtava1.csproj", "{9327AF3B-9467-4357-B791-21AB13E85F4B}"
EndProject
Project("{FAE04EC0-301F-11D3-BF4B-00C04F79EFBC}") = "Tehtava2", "Tehtava2\Tehtava2.csproj", "{56A7C5AD-67A7-4F3B-92CD-258BA9F96FCC}"
EndProject
Project("{FAE04EC0-301F-11D3-BF4B-00C04F79EFBC}") = "Tehtava3", "Tehtava3\Tehtava3.csproj", "{0BEA7F6B-C42A-4308-854B-C6315531E200}"
EndProject
Project("{FAE04EC0-301F-11D3-BF4B-00C04F79EFBC}") = "Tehtava4", "Tehtava4\Tehtava4.csproj", "{DA73669D-41F3-4B86-8709-182F2041BA9B}"
EndProject
Project("{FAE04EC0-301F-11D3-BF4B-00C04F79EFBC}") = "ADODataReader", "ADODataReader\ADODataReader.csproj", "{49BA7C39-E86F-4CBF-A306-6BDB7FEDADE5}"
EndProject
Project("{FAE04EC0-301F-11D3-BF4B-00C04F79EFBC}") = "Tehtava5", "Tehtava5\Tehtava5.csproj", "{506CBEEF-EFFA-4CC9-9802-5DCE6411631E}"
EndProject
Project("{FAE04EC0-301F-11D3-BF4B-00C04F79EFBC}") = "Tehtava6", "Tehtava6\Tehtava6.csproj", "{078B472F-E0BE-4705-A004-3F2A11A96896}"
EndProject
Project("{FAE04EC0-301F-11D3-BF4B-00C04F79EFBC}") = "demoJSON", "demoJSON\demoJSON.csproj", "{2434D0FF-C0F1-4C55-B4A8-846599C926EB}"
EndProject
Project("{FAE04EC0-301F-11D3-BF4B-00C04F79EFBC}") = "Tehtava7", "Tehtava7\Tehtava7.csproj", "{C22F146D-86CF-4F66-A33E-04D0ADB00264}"
EndProject
Project("{FAE04EC0-301F-11D3-BF4B-00C04F79EFBC}") = "T02WinLotto", "T02WinLotto\T02WinLotto.csproj", "{A557F18D-B99A-41EC-9D0E-D93C08F90D39}"
EndProject
Project("{FAE04EC0-301F-11D3-BF4B-00C04F79EFBC}") = "UnitTestForWinLottoBL", "UnitTestForWinLottoBL\UnitTestForWinLottoBL.csproj", "{DD1A872F-C2BA-4177-BBE8-29FF4BC3029E}"
EndProject
Project("{FAE04EC0-301F-11D3-BF4B-00C04F79EFBC}") = "Tehtava8", "Tehtava8\Tehtava8.csproj", "{EC900041-1AF9-431B-AE48-359F57F54CD3}"
EndProject
Project("{E24C65DC-7377-472B-9ABA-BC803B73C61A}") = "Saitti15S", "WebSites\Saitti15S\", "{FB0A0342-EA6E-4F2D-BD50-CCDA4F036889}"
	ProjectSection(WebsiteProperties) = preProject
		TargetFrameworkMoniker = ".NETFramework,Version%3Dv4.5.2"
		Debug.AspNetCompiler.VirtualPath = "/localhost_4973"
		Debug.AspNetCompiler.PhysicalPath = "WebSites\Saitti15S\"
		Debug.AspNetCompiler.TargetPath = "PrecompiledWeb\localhost_4973\"
		Debug.AspNetCompiler.Updateable = "true"
		Debug.AspNetCompiler.ForceOverwrite = "true"
		Debug.AspNetCompiler.FixedNames = "false"
		Debug.AspNetCompiler.Debug = "True"
		Release.AspNetCompiler.VirtualPath = "/localhost_4973"
		Release.AspNetCompiler.PhysicalPath = "WebSites\Saitti15S\"
		Release.AspNetCompiler.TargetPath = "PrecompiledWeb\localhost_4973\"
		Release.AspNetCompiler.Updateable = "true"
		Release.AspNetCompiler.ForceOverwrite = "true"
		Release.AspNetCompiler.FixedNames = "false"
		Release.AspNetCompiler.Debug = "False"
		VWDPort = "4973"
		SlnRelativePath = "WebSites\Saitti15S\"
		DefaultWebSiteLanguage = "Visual C#"
	EndProjectSection
EndProject
Project("{E24C65DC-7377-472B-9ABA-BC803B73C61A}") = "Tehtava9(1)", "WebSites\Tehtava9\", "{C676F887-07E4-4F58-9300-558ECD1CDCCF}"
	ProjectSection(WebsiteProperties) = preProject
		TargetFrameworkMoniker = ".NETFramework,Version%3Dv4.5.2"
		Debug.AspNetCompiler.VirtualPath = "/localhost_4979"
		Debug.AspNetCompiler.PhysicalPath = "WebSites\Tehtava9\"
		Debug.AspNetCompiler.TargetPath = "PrecompiledWeb\localhost_4979\"
		Debug.AspNetCompiler.Updateable = "true"
		Debug.AspNetCompiler.ForceOverwrite = "true"
		Debug.AspNetCompiler.FixedNames = "false"
		Debug.AspNetCompiler.Debug = "True"
		Release.AspNetCompiler.VirtualPath = "/localhost_4979"
		Release.AspNetCompiler.PhysicalPath = "WebSites\Tehtava9\"
		Release.AspNetCompiler.TargetPath = "PrecompiledWeb\localhost_4979\"
		Release.AspNetCompiler.Updateable = "true"
		Release.AspNetCompiler.ForceOverwrite = "true"
		Release.AspNetCompiler.FixedNames = "false"
		Release.AspNetCompiler.Debug = "False"
		VWDPort = "4979"
		SlnRelativePath = "WebSites\Tehtava9\"
		DefaultWebSiteLanguage = "Visual C#"
	EndProjectSection
EndProject
Global
	GlobalSection(SolutionConfigurationPlatforms) = preSolution
		Debug|Any CPU = Debug|Any CPU
		Release|Any CPU = Release|Any CPU
	EndGlobalSection
	GlobalSection(ProjectConfigurationPlatforms) = postSolution
		{9327AF3B-9467-4357-B791-21AB13E85F4B}.Debug|Any CPU.ActiveCfg = Debug|Any CPU
		{9327AF3B-9467-4357-B791-21AB13E85F4B}.Debug|Any CPU.Build.0 = Debug|Any CPU
		{9327AF3B-9467-4357-B791-21AB13E85F4B}.Release|Any CPU.ActiveCfg = Release|Any CPU
		{9327AF3B-9467-4357-B791-21AB13E85F4B}.Release|Any CPU.Build.0 = Release|Any CPU
		{56A7C5AD-67A7-4F3B-92CD-258BA9F96FCC}.Debug|Any CPU.ActiveCfg = Debug|Any CPU
		{56A7C5AD-67A7-4F3B-92CD-258BA9F96FCC}.Debug|Any CPU.Build.0 = Debug|Any CPU
		{56A7C5AD-67A7-4F3B-92CD-258BA9F96FCC}.Release|Any CPU.ActiveCfg = Release|Any CPU
		{56A7C5AD-67A7-4F3B-92CD-258BA9F96FCC}.Release|Any CPU.Build.0 = Release|Any CPU
		{0BEA7F6B-C42A-4308-854B-C6315531E200}.Debug|Any CPU.ActiveCfg = Debug|Any CPU
		{0BEA7F6B-C42A-4308-854B-C6315531E200}.Debug|Any CPU.Build.0 = Debug|Any CPU
		{0BEA7F6B-C42A-4308-854B-C6315531E200}.Release|Any CPU.ActiveCfg = Release|Any CPU
		{0BEA7F6B-C42A-4308-854B-C6315531E200}.Release|Any CPU.Build.0 = Release|Any CPU
		{DA73669D-41F3-4B86-8709-182F2041BA9B}.Debug|Any CPU.ActiveCfg = Debug|Any CPU
		{DA73669D-41F3-4B86-8709-182F2041BA9B}.Debug|Any CPU.Build.0 = Debug|Any CPU
		{DA73669D-41F3-4B86-8709-182F2041BA9B}.Release|Any CPU.ActiveCfg = Release|Any CPU
		{DA73669D-41F3-4B86-8709-182F2041BA9B}.Release|Any CPU.Build.0 = Release|Any CPU
		{49BA7C39-E86F-4CBF-A306-6BDB7FEDADE5}.Debug|Any CPU.ActiveCfg = Debug|Any CPU
		{49BA7C39-E86F-4CBF-A306-6BDB7FEDADE5}.Debug|Any CPU.Build.0 = Debug|Any CPU
		{49BA7C39-E86F-4CBF-A306-6BDB7FEDADE5}.Release|Any CPU.ActiveCfg = Release|Any CPU
		{49BA7C39-E86F-4CBF-A306-6BDB7FEDADE5}.Release|Any CPU.Build.0 = Release|Any CPU
		{506CBEEF-EFFA-4CC9-9802-5DCE6411631E}.Debug|Any CPU.ActiveCfg = Debug|Any CPU
		{506CBEEF-EFFA-4CC9-9802-5DCE6411631E}.Debug|Any CPU.Build.0 = Debug|Any CPU
		{506CBEEF-EFFA-4CC9-9802-5DCE6411631E}.Release|Any CPU.ActiveCfg = Release|Any CPU
		{506CBEEF-EFFA-4CC9-9802-5DCE6411631E}.Release|Any CPU.Build.0 = Release|Any CPU
		{078B472F-E0BE-4705-A004-3F2A11A96896}.Debug|Any CPU.ActiveCfg = Debug|Any CPU
		{078B472F-E0BE-4705-A004-3F2A11A96896}.Debug|Any CPU.Build.0 = Debug|Any CPU
		{078B472F-E0BE-4705-A004-3F2A11A96896}.Release|Any CPU.ActiveCfg = Release|Any CPU
		{078B472F-E0BE-4705-A004-3F2A11A96896}.Release|Any CPU.Build.0 = Release|Any CPU
		{2434D0FF-C0F1-4C55-B4A8-846599C926EB}.Debug|Any CPU.ActiveCfg = Debug|Any CPU
		{2434D0FF-C0F1-4C55-B4A8-846599C926EB}.Debug|Any CPU.Build.0 = Debug|Any CPU
		{2434D0FF-C0F1-4C55-B4A8-846599C926EB}.Release|Any CPU.ActiveCfg = Release|Any CPU
		{2434D0FF-C0F1-4C55-B4A8-846599C926EB}.Release|Any CPU.Build.0 = Release|Any CPU
		{C22F146D-86CF-4F66-A33E-04D0ADB00264}.Debug|Any CPU.ActiveCfg = Debug|Any CPU
		{C22F146D-86CF-4F66-A33E-04D0ADB00264}.Debug|Any CPU.Build.0 = Debug|Any CPU
		{C22F146D-86CF-4F66-A33E-04D0ADB00264}.Release|Any CPU.ActiveCfg = Release|Any CPU
		{C22F146D-86CF-4F66-A33E-04D0ADB00264}.Release|Any CPU.Build.0 = Release|Any CPU
		{A557F18D-B99A-41EC-9D0E-D93C08F90D39}.Debug|Any CPU.ActiveCfg = Debug|Any CPU
		{A557F18D-B99A-41EC-9D0E-D93C08F90D39}.Debug|Any CPU.Build.0 = Debug|Any CPU
		{A557F18D-B99A-41EC-9D0E-D93C08F90D39}.Release|Any CPU.ActiveCfg = Release|Any CPU
		{A557F18D-B99A-41EC-9D0E-D93C08F90D39}.Release|Any CPU.Build.0 = Release|Any CPU
		{DD1A872F-C2BA-4177-BBE8-29FF4BC3029E}.Debug|Any CPU.ActiveCfg = Debug|Any CPU
		{DD1A872F-C2BA-4177-BBE8-29FF4BC3029E}.Debug|Any CPU.Build.0 = Debug|Any CPU
		{DD1A872F-C2BA-4177-BBE8-29FF4BC3029E}.Release|Any CPU.ActiveCfg = Release|Any CPU
		{DD1A872F-C2BA-4177-BBE8-29FF4BC3029E}.Release|Any CPU.Build.0 = Release|Any CPU
		{EC900041-1AF9-431B-AE48-359F57F54CD3}.Debug|Any CPU.ActiveCfg = Debug|Any CPU
		{EC900041-1AF9-431B-AE48-359F57F54CD3}.Debug|Any CPU.Build.0 = Debug|Any CPU
		{EC900041-1AF9-431B-AE48-359F57F54CD3}.Release|Any CPU.ActiveCfg = Release|Any CPU
		{EC900041-1AF9-431B-AE48-359F57F54CD3}.Release|Any CPU.Build.0 = Release|Any CPU
		{FB0A0342-EA6E-4F2D-BD50-CCDA4F036889}.Debug|Any CPU.ActiveCfg = Debug|Any CPU
		{FB0A0342-EA6E-4F2D-BD50-CCDA4F036889}.Debug|Any CPU.Build.0 = Debug|Any CPU
		{FB0A0342-EA6E-4F2D-BD50-CCDA4F036889}.Release|Any CPU.ActiveCfg = Debug|Any CPU
		{FB0A0342-EA6E-4F2D-BD50-CCDA4F036889}.Release|Any CPU.Build.0 = Debug|Any CPU
		{C676F887-07E4-4F58-9300-558ECD1CDCCF}.Debug|Any CPU.ActiveCfg = Debug|Any CPU
		{C676F887-07E4-4F58-9300-558ECD1CDCCF}.Debug|Any CPU.Build.0 = Debug|Any CPU
		{C676F887-07E4-4F58-9300-558ECD1CDCCF}.Release|Any CPU.ActiveCfg = Debug|Any CPU
		{C676F887-07E4-4F58-9300-558ECD1CDCCF}.Release|Any CPU.Build.0 = Debug|Any CPU
	EndGlobalSection
	GlobalSection(SolutionProperties) = preSolution
		HideSolutionNode = FALSE
	EndGlobalSection
EndGlobal
